
Microsoft Visual Studio Solution File, Format Version 12.00
# Visual Studio 14
VisualStudioVersion = 14.0.25420.1
MinimumVisualStudioVersion = 10.0.40219.1
Project("{FAE04EC0-301F-11D3-BF4B-00C04F79EFBC}") = "Markdig.SyntaxHighlighting.Core", "Markdig.SyntaxHighlighting.Core\Markdig.SyntaxHighlighting.Core.csproj", "{3D6F2840-48DE-4C4E-9129-4AF443984056}"
EndProject
Project("{FAE04EC0-301F-11D3-BF4B-00C04F79EFBC}") = "Markdig.SyntaxHighlighting.Core.Tests", "Markdig.SyntaxHighlighting.Core.Tests\Markdig.SyntaxHighlighting.Core.Tests.csproj", "{51BF30DD-825E-4538-A697-83760A8C26B9}"
EndProject
Global
	GlobalSection(SolutionConfigurationPlatforms) = preSolution
		Debug|Any CPU = Debug|Any CPU
		Release|Any CPU = Release|Any CPU
	EndGlobalSection
	GlobalSection(ProjectConfigurationPlatforms) = postSolution
		{3D6F2840-48DE-4C4E-9129-4AF443984056}.Debug|Any CPU.ActiveCfg = Debug|Any CPU
		{3D6F2840-48DE-4C4E-9129-4AF443984056}.Debug|Any CPU.Build.0 = Debug|Any CPU
		{3D6F2840-48DE-4C4E-9129-4AF443984056}.Release|Any CPU.ActiveCfg = Release|Any CPU
		{3D6F2840-48DE-4C4E-9129-4AF443984056}.Release|Any CPU.Build.0 = Release|Any CPU
		{51BF30DD-825E-4538-A697-83760A8C26B9}.Debug|Any CPU.ActiveCfg = Debug|Any CPU
		{51BF30DD-825E-4538-A697-83760A8C26B9}.Debug|Any CPU.Build.0 = Debug|Any CPU
		{51BF30DD-825E-4538-A697-83760A8C26B9}.Release|Any CPU.ActiveCfg = Release|Any CPU
		{51BF30DD-825E-4538-A697-83760A8C26B9}.Release|Any CPU.Build.0 = Release|Any CPU
	EndGlobalSection
	GlobalSection(SolutionProperties) = preSolution
		HideSolutionNode = FALSE
	EndGlobalSection
EndGlobal
